// !$*UTF8*$!
{
	archiveVersion = 1;
	classes = {
	};
	objectVersion = 46;
	objects = {

/* Begin PBXBuildFile section */
		C0D608F41CF8A2DB00C3E9C2 /* main.m in Sources */ = {isa = PBXBuildFile; fileRef = C0D608F31CF8A2DB00C3E9C2 /* main.m */; };
		C0D608F71CF8A2DB00C3E9C2 /* AppDelegate.m in Sources */ = {isa = PBXBuildFile; fileRef = C0D608F61CF8A2DB00C3E9C2 /* AppDelegate.m */; };
		C0D608FA1CF8A2DB00C3E9C2 /* FirstViewController.m in Sources */ = {isa = PBXBuildFile; fileRef = C0D608F91CF8A2DB00C3E9C2 /* FirstViewController.m */; };
		C0D608FD1CF8A2DB00C3E9C2 /* SecondViewController.m in Sources */ = {isa = PBXBuildFile; fileRef = C0D608FC1CF8A2DB00C3E9C2 /* SecondViewController.m */; };
		C0D609001CF8A2DB00C3E9C2 /* Main.storyboard in Resources */ = {isa = PBXBuildFile; fileRef = C0D608FE1CF8A2DB00C3E9C2 /* Main.storyboard */; };
		C0D609021CF8A2DB00C3E9C2 /* Assets.xcassets in Resources */ = {isa = PBXBuildFile; fileRef = C0D609011CF8A2DB00C3E9C2 /* Assets.xcassets */; };
		C0D609051CF8A2DB00C3E9C2 /* LaunchScreen.storyboard in Resources */ = {isa = PBXBuildFile; fileRef = C0D609031CF8A2DB00C3E9C2 /* LaunchScreen.storyboard */; };
		C0D6090E1CF8ACF000C3E9C2 /* ConnectionsViewController.m in Sources */ = {isa = PBXBuildFile; fileRef = C0D6090D1CF8ACF000C3E9C2 /* ConnectionsViewController.m */; };
		C0D609131CF8C14500C3E9C2 /* MPManager.m in Sources */ = {isa = PBXBuildFile; fileRef = C0D609121CF8C14500C3E9C2 /* MPManager.m */; };
		C0FA5BAD1CFBA3CD00F448AF /* TTTViewController.m in Sources */ = {isa = PBXBuildFile; fileRef = C0FA5BAC1CFBA3CD00F448AF /* TTTViewController.m */; };
/* End PBXBuildFile section */

/* Begin PBXFileReference section */
		C0D608EF1CF8A2DB00C3E9C2 /* Pshare.app */ = {isa = PBXFileReference; explicitFileType = wrapper.application; includeInIndex = 0; path = Pshare.app; sourceTree = BUILT_PRODUCTS_DIR; };
		C0D608F31CF8A2DB00C3E9C2 /* main.m */ = {isa = PBXFileReference; lastKnownFileType = sourcecode.c.objc; path = main.m; sourceTree = "<group>"; };
		C0D608F51CF8A2DB00C3E9C2 /* AppDelegate.h */ = {isa = PBXFileReference; lastKnownFileType = sourcecode.c.h; path = AppDelegate.h; sourceTree = "<group>"; };
		C0D608F61CF8A2DB00C3E9C2 /* AppDelegate.m */ = {isa = PBXFileReference; lastKnownFileType = sourcecode.c.objc; path = AppDelegate.m; sourceTree = "<group>"; };
		C0D608F81CF8A2DB00C3E9C2 /* FirstViewController.h */ = {isa = PBXFileReference; lastKnownFileType = sourcecode.c.h; path = FirstViewController.h; sourceTree = "<group>"; };
		C0D608F91CF8A2DB00C3E9C2 /* FirstViewController.m */ = {isa = PBXFileReference; lastKnownFileType = sourcecode.c.objc; path = FirstViewController.m; sourceTree = "<group>"; };
		C0D608FB1CF8A2DB00C3E9C2 /* SecondViewController.h */ = {isa = PBXFileReference; lastKnownFileType = sourcecode.c.h; path = SecondViewController.h; sourceTree = "<group>"; };
		C0D608FC1CF8A2DB00C3E9C2 /* SecondViewController.m */ = {isa = PBXFileReference; lastKnownFileType = sourcecode.c.objc; path = SecondViewController.m; sourceTree = "<group>"; };
		C0D608FF1CF8A2DB00C3E9C2 /* Base */ = {isa = PBXFileReference; lastKnownFileType = file.storyboard; name = Base; path = Base.lproj/Main.storyboard; sourceTree = "<group>"; };
		C0D609011CF8A2DB00C3E9C2 /* Assets.xcassets */ = {isa = PBXFileReference; lastKnownFileType = folder.assetcatalog; path = Assets.xcassets; sourceTree = "<group>"; };
		C0D609041CF8A2DB00C3E9C2 /* Base */ = {isa = PBXFileReference; lastKnownFileType = file.storyboard; name = Base; path = Base.lproj/LaunchScreen.storyboard; sourceTree = "<group>"; };
		C0D609061CF8A2DB00C3E9C2 /* Info.plist */ = {isa = PBXFileReference; lastKnownFileType = text.plist.xml; path = Info.plist; sourceTree = "<group>"; };
		C0D6090C1CF8ACF000C3E9C2 /* ConnectionsViewController.h */ = {isa = PBXFileReference; fileEncoding = 4; lastKnownFileType = sourcecode.c.h; path = ConnectionsViewController.h; sourceTree = "<group>"; };
		C0D6090D1CF8ACF000C3E9C2 /* ConnectionsViewController.m */ = {isa = PBXFileReference; fileEncoding = 4; lastKnownFileType = sourcecode.c.objc; path = ConnectionsViewController.m; sourceTree = "<group>"; };
		C0D609111CF8C14500C3E9C2 /* MPManager.h */ = {isa = PBXFileReference; fileEncoding = 4; lastKnownFileType = sourcecode.c.h; path = MPManager.h; sourceTree = "<group>"; };
		C0D609121CF8C14500C3E9C2 /* MPManager.m */ = {isa = PBXFileReference; fileEncoding = 4; lastKnownFileType = sourcecode.c.objc; path = MPManager.m; sourceTree = "<group>"; };
		C0FA5BAB1CFBA3CD00F448AF /* TTTViewController.h */ = {isa = PBXFileReference; fileEncoding = 4; lastKnownFileType = sourcecode.c.h; path = TTTViewController.h; sourceTree = "<group>"; };
		C0FA5BAC1CFBA3CD00F448AF /* TTTViewController.m */ = {isa = PBXFileReference; fileEncoding = 4; lastKnownFileType = sourcecode.c.objc; path = TTTViewController.m; sourceTree = "<group>"; };
/* End PBXFileReference section */

/* Begin PBXFrameworksBuildPhase section */
		C0D608EC1CF8A2DB00C3E9C2 /* Frameworks */ = {
			isa = PBXFrameworksBuildPhase;
			buildActionMask = 2147483647;
			files = (
			);
			runOnlyForDeploymentPostprocessing = 0;
		};
/* End PBXFrameworksBuildPhase section */

/* Begin PBXGroup section */
		C0D608E61CF8A2DB00C3E9C2 = {
			isa = PBXGroup;
			children = (
				C0D608F11CF8A2DB00C3E9C2 /* Pshare */,
				C0D608F01CF8A2DB00C3E9C2 /* Products */,
			);
			sourceTree = "<group>";
		};
		C0D608F01CF8A2DB00C3E9C2 /* Products */ = {
			isa = PBXGroup;
			children = (
				C0D608EF1CF8A2DB00C3E9C2 /* Pshare.app */,
			);
			name = Products;
			sourceTree = "<group>";
		};
		C0D608F11CF8A2DB00C3E9C2 /* Pshare */ = {
			isa = PBXGroup;
			children = (
				C0FA5BAB1CFBA3CD00F448AF /* TTTViewController.h */,
				C0FA5BAC1CFBA3CD00F448AF /* TTTViewController.m */,
				C0D609111CF8C14500C3E9C2 /* MPManager.h */,
				C0D609121CF8C14500C3E9C2 /* MPManager.m */,
				C0D608F51CF8A2DB00C3E9C2 /* AppDelegate.h */,
				C0D608F61CF8A2DB00C3E9C2 /* AppDelegate.m */,
				C0D608F81CF8A2DB00C3E9C2 /* FirstViewController.h */,
				C0D608F91CF8A2DB00C3E9C2 /* FirstViewController.m */,
				C0D608FB1CF8A2DB00C3E9C2 /* SecondViewController.h */,
				C0D608FC1CF8A2DB00C3E9C2 /* SecondViewController.m */,
				C0D6090C1CF8ACF000C3E9C2 /* ConnectionsViewController.h */,
				C0D6090D1CF8ACF000C3E9C2 /* ConnectionsViewController.m */,
				C0D608FE1CF8A2DB00C3E9C2 /* Main.storyboard */,
				C0D609011CF8A2DB00C3E9C2 /* Assets.xcassets */,
				C0D609031CF8A2DB00C3E9C2 /* LaunchScreen.storyboard */,
				C0D609061CF8A2DB00C3E9C2 /* Info.plist */,
				C0D608F21CF8A2DB00C3E9C2 /* Supporting Files */,
			);
			path = Pshare;
			sourceTree = "<group>";
		};
		C0D608F21CF8A2DB00C3E9C2 /* Supporting Files */ = {
			isa = PBXGroup;
			children = (
				C0D608F31CF8A2DB00C3E9C2 /* main.m */,
			);
			name = "Supporting Files";
			sourceTree = "<group>";
		};
/* End PBXGroup section */

/* Begin PBXNativeTarget section */
		C0D608EE1CF8A2DB00C3E9C2 /* Pshare */ = {
			isa = PBXNativeTarget;
			buildConfigurationList = C0D609091CF8A2DB00C3E9C2 /* Build configuration list for PBXNativeTarget "Pshare" */;
			buildPhases = (
				C0D608EB1CF8A2DB00C3E9C2 /* Sources */,
				C0D608EC1CF8A2DB00C3E9C2 /* Frameworks */,
				C0D608ED1CF8A2DB00C3E9C2 /* Resources */,
			);
			buildRules = (
			);
			dependencies = (
			);
			name = Pshare;
			productName = Pshare;
			productReference = C0D608EF1CF8A2DB00C3E9C2 /* Pshare.app */;
			productType = "com.apple.product-type.application";
		};
/* End PBXNativeTarget section */

/* Begin PBXProject section */
		C0D608E71CF8A2DB00C3E9C2 /* Project object */ = {
			isa = PBXProject;
			attributes = {
				LastUpgradeCheck = 0730;
				ORGANIZATIONNAME = "Tiago Magalhães";
				TargetAttributes = {
					C0D608EE1CF8A2DB00C3E9C2 = {
						CreatedOnToolsVersion = 7.3.1;
					};
				};
			};
			buildConfigurationList = C0D608EA1CF8A2DB00C3E9C2 /* Build configuration list for PBXProject "Pshare" */;
			compatibilityVersion = "Xcode 3.2";
			developmentRegion = English;
			hasScannedForEncodings = 0;
			knownRegions = (
				en,
				Base,
			);
			mainGroup = C0D608E61CF8A2DB00C3E9C2;
			productRefGroup = C0D608F01CF8A2DB00C3E9C2 /* Products */;
			projectDirPath = "";
			projectRoot = "";
			targets = (
				C0D608EE1CF8A2DB00C3E9C2 /* Pshare */,
			);
		};
/* End PBXProject section */

/* Begin PBXResourcesBuildPhase section */
		C0D608ED1CF8A2DB00C3E9C2 /* Resources */ = {
			isa = PBXResourcesBuildPhase;
			buildActionMask = 2147483647;
			files = (
				C0D609051CF8A2DB00C3E9C2 /* LaunchScreen.storyboard in Resources */,
				C0D609021CF8A2DB00C3E9C2 /* Assets.xcassets in Resources */,
				C0D609001CF8A2DB00C3E9C2 /* Main.storyboard in Resources */,
			);
			runOnlyForDeploymentPostprocessing = 0;
		};
/* End PBXResourcesBuildPhase section */

/* Begin PBXSourcesBuildPhase section */
		C0D608EB1CF8A2DB00C3E9C2 /* Sources */ = {
			isa = PBXSourcesBuildPhase;
			buildActionMask = 2147483647;
			files = (
				C0D6090E1CF8ACF000C3E9C2 /* ConnectionsViewController.m in Sources */,
				C0D608FD1CF8A2DB00C3E9C2 /* SecondViewController.m in Sources */,
				C0D608F71CF8A2DB00C3E9C2 /* AppDelegate.m in Sources */,
				C0D608FA1CF8A2DB00C3E9C2 /* FirstViewController.m in Sources */,
				C0D609131CF8C14500C3E9C2 /* MPManager.m in Sources */,
				C0FA5BAD1CFBA3CD00F448AF /* TTTViewController.m in Sources */,
				C0D608F41CF8A2DB00C3E9C2 /* main.m in Sources */,
			);
			runOnlyForDeploymentPostprocessing = 0;
		};
/* End PBXSourcesBuildPhase section */

/* Begin PBXVariantGroup section */
		C0D608FE1CF8A2DB00C3E9C2 /* Main.storyboard */ = {
			isa = PBXVariantGroup;
			children = (
				C0D608FF1CF8A2DB00C3E9C2 /* Base */,
			);
			name = Main.storyboard;
			sourceTree = "<group>";
		};
		C0D609031CF8A2DB00C3E9C2 /* LaunchScreen.storyboard */ = {
			isa = PBXVariantGroup;
			children = (
				C0D609041CF8A2DB00C3E9C2 /* Base */,
			);
			name = LaunchScreen.storyboard;
			sourceTree = "<group>";
		};
/* End PBXVariantGroup section */

/* Begin XCBuildConfiguration section */
		C0D609071CF8A2DB00C3E9C2 /* Debug */ = {
			isa = XCBuildConfiguration;
			buildSettings = {
				ALWAYS_SEARCH_USER_PATHS = NO;
				CLANG_ANALYZER_NONNULL = YES;
				CLANG_CXX_LANGUAGE_STANDARD = "gnu++0x";
				CLANG_CXX_LIBRARY = "libc++";
				CLANG_ENABLE_MODULES = YES;
				CLANG_ENABLE_OBJC_ARC = YES;
				CLANG_WARN_BOOL_CONVERSION = YES;
				CLANG_WARN_CONSTANT_CONVERSION = YES;
				CLANG_WARN_DIRECT_OBJC_ISA_USAGE = YES_ERROR;
				CLANG_WARN_EMPTY_BODY = YES;
				CLANG_WARN_ENUM_CONVERSION = YES;
				CLANG_WARN_INT_CONVERSION = YES;
				CLANG_WARN_OBJC_ROOT_CLASS = YES_ERROR;
				CLANG_WARN_UNREACHABLE_CODE = YES;
				CLANG_WARN__DUPLICATE_METHOD_MATCH = YES;
				"CODE_SIGN_IDENTITY[sdk=iphoneos*]" = "iPhone Developer";
				COPY_PHASE_STRIP = NO;
				DEBUG_INFORMATION_FORMAT = dwarf;
				ENABLE_STRICT_OBJC_MSGSEND = YES;
				ENABLE_TESTABILITY = YES;
				GCC_C_LANGUAGE_STANDARD = gnu99;
				GCC_DYNAMIC_NO_PIC = NO;
				GCC_NO_COMMON_BLOCKS = YES;
				GCC_OPTIMIZATION_LEVEL = 0;
				GCC_PREPROCESSOR_DEFINITIONS = (
					"DEBUG=1",
					"$(inherited)",
				);
				GCC_WARN_64_TO_32_BIT_CONVERSION = YES;
				GCC_WARN_ABOUT_RETURN_TYPE = YES_ERROR;
				GCC_WARN_UNDECLARED_SELECTOR = YES;
				GCC_WARN_UNINITIALIZED_AUTOS = YES_AGGRESSIVE;
				GCC_WARN_UNUSED_FUNCTION = YES;
				GCC_WARN_UNUSED_VARIABLE = YES;
				IPHONEOS_DEPLOYMENT_TARGET = 9.3;
				MTL_ENABLE_DEBUG_INFO = YES;
				ONLY_ACTIVE_ARCH = YES;
				SDKROOT = iphoneos;
			};
			name = Debug;
		};
		C0D609081CF8A2DB00C3E9C2 /* Release */ = {
			isa = XCBuildConfiguration;
			buildSettings = {
				ALWAYS_SEARCH_USER_PATHS = NO;
				CLANG_ANALYZER_NONNULL = YES;
				CLANG_CXX_LANGUAGE_STANDARD = "gnu++0x";
				CLANG_CXX_LIBRARY = "libc++";
				CLANG_ENABLE_MODULES = YES;
				CLANG_ENABLE_OBJC_ARC = YES;
				CLANG_WARN_BOOL_CONVERSION = YES;
				CLANG_WARN_CONSTANT_CONVERSION = YES;
				CLANG_WARN_DIRECT_OBJC_ISA_USAGE = YES_ERROR;
				CLANG_WARN_EMPTY_BODY = YES;
				CLANG_WARN_ENUM_CONVERSION = YES;
				CLANG_WARN_INT_CONVERSION = YES;
				CLANG_WARN_OBJC_ROOT_CLASS = YES_ERROR;
				CLANG_WARN_UNREACHABLE_CODE = YES;
				CLANG_WARN__DUPLICATE_METHOD_MATCH = YES;
				"CODE_SIGN_IDENTITY[sdk=iphoneos*]" = "iPhone Developer";
				COPY_PHASE_STRIP = NO;
				DEBUG_INFORMATION_FORMAT = "dwarf-with-dsym";
				ENABLE_NS_ASSERTIONS = NO;
				ENABLE_STRICT_OBJC_MSGSEND = YES;
				GCC_C_LANGUAGE_STANDARD = gnu99;
				GCC_NO_COMMON_BLOCKS = YES;
				GCC_WARN_64_TO_32_BIT_CONVERSION = YES;
				GCC_WARN_ABOUT_RETURN_TYPE = YES_ERROR;
				GCC_WARN_UNDECLARED_SELECTOR = YES;
				GCC_WARN_UNINITIALIZED_AUTOS = YES_AGGRESSIVE;
				GCC_WARN_UNUSED_FUNCTION = YES;
				GCC_WARN_UNUSED_VARIABLE = YES;
				IPHONEOS_DEPLOYMENT_TARGET = 9.3;
				MTL_ENABLE_DEBUG_INFO = NO;
				SDKROOT = iphoneos;
				VALIDATE_PRODUCT = YES;
			};
			name = Release;
		};
		C0D6090A1CF8A2DB00C3E9C2 /* Debug */ = {
			isa = XCBuildConfiguration;
			buildSettings = {
				ASSETCATALOG_COMPILER_APPICON_NAME = AppIcon;
				INFOPLIST_FILE = Pshare/Info.plist;
				LD_RUNPATH_SEARCH_PATHS = "$(inherited) @executable_path/Frameworks";
				PRODUCT_BUNDLE_IDENTIFIER = com.tfm.Pshare;
				PRODUCT_NAME = "$(TARGET_NAME)";
			};
			name = Debug;
		};
		C0D6090B1CF8A2DB00C3E9C2 /* Release */ = {
			isa = XCBuildConfiguration;
			buildSettings = {
				ASSETCATALOG_COMPILER_APPICON_NAME = AppIcon;
				INFOPLIST_FILE = Pshare/Info.plist;
				LD_RUNPATH_SEARCH_PATHS = "$(inherited) @executable_path/Frameworks";
				PRODUCT_BUNDLE_IDENTIFIER = com.tfm.Pshare;
				PRODUCT_NAME = "$(TARGET_NAME)";
			};
			name = Release;
		};
/* End XCBuildConfiguration section */

/* Begin XCConfigurationList section */
		C0D608EA1CF8A2DB00C3E9C2 /* Build configuration list for PBXProject "Pshare" */ = {
			isa = XCConfigurationList;
			buildConfigurations = (
				C0D609071CF8A2DB00C3E9C2 /* Debug */,
				C0D609081CF8A2DB00C3E9C2 /* Release */,
			);
			defaultConfigurationIsVisible = 0;
			defaultConfigurationName = Release;
		};
		C0D609091CF8A2DB00C3E9C2 /* Build configuration list for PBXNativeTarget "Pshare" */ = {
			isa = XCConfigurationList;
			buildConfigurations = (
				C0D6090A1CF8A2DB00C3E9C2 /* Debug */,
				C0D6090B1CF8A2DB00C3E9C2 /* Release */,
			);
			defaultConfigurationIsVisible = 0;
			defaultConfigurationName = Release;
		};
/* End XCConfigurationList section */
	};
	rootObject = C0D608E71CF8A2DB00C3E9C2 /* Project object */;
}
